
Microsoft Visual Studio Solution File, Format Version 12.00
# Visual Studio 15
VisualStudioVersion = 15.0.27004.2008
MinimumVisualStudioVersion = 10.0.40219.1
Project("{F184B08F-C81C-45F6-A57F-5ABD9991F28F}") = "AlphaOS", "AlphaOS\AlphaOS.vbproj", "{9B68C062-E553-4276-B1EC-354496587F60}"
EndProject
Project("{471EC4BB-E47E-4229-A789-D1F5F83B52D4}") = "AlphaOSBoot", "AlphaOS\AlphaOSBoot.Cosmos", "{C76108AF-1F43-4915-B0F0-39B4E5374138}"
EndProject
Global
	GlobalSection(SolutionConfigurationPlatforms) = preSolution
		Debug|Any CPU = Debug|Any CPU
		Release|Any CPU = Release|Any CPU
	EndGlobalSection
	GlobalSection(ProjectConfigurationPlatforms) = postSolution
		{9B68C062-E553-4276-B1EC-354496587F60}.Debug|Any CPU.ActiveCfg = Debug|Any CPU
		{9B68C062-E553-4276-B1EC-354496587F60}.Debug|Any CPU.Build.0 = Debug|Any CPU
		{9B68C062-E553-4276-B1EC-354496587F60}.Release|Any CPU.ActiveCfg = Release|Any CPU
		{9B68C062-E553-4276-B1EC-354496587F60}.Release|Any CPU.Build.0 = Release|Any CPU
		{C76108AF-1F43-4915-B0F0-39B4E5374138}.Debug|Any CPU.ActiveCfg = Debug|Any CPU
		{C76108AF-1F43-4915-B0F0-39B4E5374138}.Debug|Any CPU.Build.0 = Debug|Any CPU
		{C76108AF-1F43-4915-B0F0-39B4E5374138}.Release|Any CPU.ActiveCfg = Release|Any CPU
		{C76108AF-1F43-4915-B0F0-39B4E5374138}.Release|Any CPU.Build.0 = Release|Any CPU
	EndGlobalSection
	GlobalSection(SolutionProperties) = preSolution
		HideSolutionNode = FALSE
	EndGlobalSection
	GlobalSection(ExtensibilityGlobals) = postSolution
		SolutionGuid = {57F05AB5-42AB-4DD4-95A2-4C563323B940}
	EndGlobalSection
EndGlobal
